
Microsoft Visual Studio Solution File, Format Version 12.00
# Visual Studio Version 16
VisualStudioVersion = 16.0.30804.86
MinimumVisualStudioVersion = 10.0.40219.1
Project("{FAE04EC0-301F-11D3-BF4B-00C04F79EFBC}") = "EmojiStore", "EmojiStore\EmojiStore.csproj", "{2A15CC29-B699-42FF-89BE-27BFB0AF66EA}"
EndProject
Global
	GlobalSection(SolutionConfigurationPlatforms) = preSolution
		Debug|Any CPU = Debug|Any CPU
		Release|Any CPU = Release|Any CPU
	EndGlobalSection
	GlobalSection(ProjectConfigurationPlatforms) = postSolution
		{2A15CC29-B699-42FF-89BE-27BFB0AF66EA}.Debug|Any CPU.ActiveCfg = Debug|Any CPU
		{2A15CC29-B699-42FF-89BE-27BFB0AF66EA}.Debug|Any CPU.Build.0 = Debug|Any CPU
		{2A15CC29-B699-42FF-89BE-27BFB0AF66EA}.Release|Any CPU.ActiveCfg = Release|Any CPU
		{2A15CC29-B699-42FF-89BE-27BFB0AF66EA}.Release|Any CPU.Build.0 = Release|Any CPU
	EndGlobalSection
	GlobalSection(SolutionProperties) = preSolution
		HideSolutionNode = FALSE
	EndGlobalSection
	GlobalSection(ExtensibilityGlobals) = postSolution
		SolutionGuid = {FBCBEF5C-A6AA-4C03-BD8B-C89DDCE0785E}
	EndGlobalSection
EndGlobal
